
Microsoft Visual Studio Solution File, Format Version 12.00
# Visual Studio 15
VisualStudioVersion = 15.0.28010.2048
MinimumVisualStudioVersion = 10.0.40219.1
Project("{FAE04EC0-301F-11D3-BF4B-00C04F79EFBC}") = "Cthing", "Cthing\Cthing.csproj", "{B744CBBB-069F-430D-A274-896BC78B6585}"
EndProject
Global
	GlobalSection(SolutionConfigurationPlatforms) = preSolution
		Debug|Any CPU = Debug|Any CPU
		Release|Any CPU = Release|Any CPU
	EndGlobalSection
	GlobalSection(ProjectConfigurationPlatforms) = postSolution
		{B744CBBB-069F-430D-A274-896BC78B6585}.Debug|Any CPU.ActiveCfg = Debug|Any CPU
		{B744CBBB-069F-430D-A274-896BC78B6585}.Debug|Any CPU.Build.0 = Debug|Any CPU
		{B744CBBB-069F-430D-A274-896BC78B6585}.Release|Any CPU.ActiveCfg = Release|Any CPU
		{B744CBBB-069F-430D-A274-896BC78B6585}.Release|Any CPU.Build.0 = Release|Any CPU
	EndGlobalSection
	GlobalSection(SolutionProperties) = preSolution
		HideSolutionNode = FALSE
	EndGlobalSection
	GlobalSection(ExtensibilityGlobals) = postSolution
		SolutionGuid = {511CADC2-2512-4D1E-B5C7-60DFA3961C48}
	EndGlobalSection
EndGlobal
